
Microsoft Visual Studio Solution File, Format Version 12.00
# Visual Studio 15
VisualStudioVersion = 15.0.25914.0
MinimumVisualStudioVersion = 10.0.40219.1
Project("{D954291E-2A0B-460D-934E-DC6B0785DB48}") = "App1", "App1\App1.shproj", "{192A781C-6796-4267-8776-00E4DADB9DDA}"
EndProject
Project("{FAE04EC0-301F-11D3-BF4B-00C04F79EFBC}") = "App1.Droid", "App1.Droid\App1.Droid.csproj", "{CC4D5AF5-77ED-4E08-B3E9-03A82BDFD6C2}"
EndProject
Global
	GlobalSection(SharedMSBuildProjectFiles) = preSolution
		App1\App1.projitems*{192a781c-6796-4267-8776-00e4dadb9dda}*SharedItemsImports = 13
		App1\App1.projitems*{cc4d5af5-77ed-4e08-b3e9-03a82bdfd6c2}*SharedItemsImports = 4
	EndGlobalSection
	GlobalSection(SolutionConfigurationPlatforms) = preSolution
		Debug|Any CPU = Debug|Any CPU
		Release|Any CPU = Release|Any CPU
	EndGlobalSection
	GlobalSection(ProjectConfigurationPlatforms) = postSolution
		{CC4D5AF5-77ED-4E08-B3E9-03A82BDFD6C2}.Debug|Any CPU.ActiveCfg = Debug|Any CPU
		{CC4D5AF5-77ED-4E08-B3E9-03A82BDFD6C2}.Debug|Any CPU.Build.0 = Debug|Any CPU
		{CC4D5AF5-77ED-4E08-B3E9-03A82BDFD6C2}.Debug|Any CPU.Deploy.0 = Debug|Any CPU
		{CC4D5AF5-77ED-4E08-B3E9-03A82BDFD6C2}.Release|Any CPU.ActiveCfg = Release|Any CPU
		{CC4D5AF5-77ED-4E08-B3E9-03A82BDFD6C2}.Release|Any CPU.Build.0 = Release|Any CPU
		{CC4D5AF5-77ED-4E08-B3E9-03A82BDFD6C2}.Release|Any CPU.Deploy.0 = Release|Any CPU
	EndGlobalSection
	GlobalSection(SolutionProperties) = preSolution
		HideSolutionNode = FALSE
	EndGlobalSection
EndGlobal
